
Microsoft Visual Studio Solution File, Format Version 12.00
# Visual Studio Version 16
VisualStudioVersion = 16.0.30611.23
MinimumVisualStudioVersion = 10.0.40219.1
Project("{FAE04EC0-301F-11D3-BF4B-00C04F79EFBC}") = "Shoppinh Cart", "Shoppinh Cart.csproj", "{FADEFC68-B703-41D8-8492-85FC8FF1BEF0}"
EndProject
Global
	GlobalSection(SolutionConfigurationPlatforms) = preSolution
		Debug|Any CPU = Debug|Any CPU
		Release|Any CPU = Release|Any CPU
	EndGlobalSection
	GlobalSection(ProjectConfigurationPlatforms) = postSolution
		{FADEFC68-B703-41D8-8492-85FC8FF1BEF0}.Debug|Any CPU.ActiveCfg = Debug|Any CPU
		{FADEFC68-B703-41D8-8492-85FC8FF1BEF0}.Debug|Any CPU.Build.0 = Debug|Any CPU
		{FADEFC68-B703-41D8-8492-85FC8FF1BEF0}.Release|Any CPU.ActiveCfg = Release|Any CPU
		{FADEFC68-B703-41D8-8492-85FC8FF1BEF0}.Release|Any CPU.Build.0 = Release|Any CPU
	EndGlobalSection
	GlobalSection(SolutionProperties) = preSolution
		HideSolutionNode = FALSE
	EndGlobalSection
	GlobalSection(ExtensibilityGlobals) = postSolution
		SolutionGuid = {4C155E51-BAEC-441B-A298-7F976E16EDFB}
	EndGlobalSection
EndGlobal
